
Microsoft Visual Studio Solution File, Format Version 12.00
# Visual Studio 14
VisualStudioVersion = 14.0.25123.0
MinimumVisualStudioVersion = 10.0.40219.1
Project("{FAE04EC0-301F-11D3-BF4B-00C04F79EFBC}") = "Form1.Droid", "Form1\Form1.Droid\Form1.Droid.csproj", "{69CA50D3-F6BF-4B37-97E5-71CE35023D0B}"
EndProject
Project("{FAE04EC0-301F-11D3-BF4B-00C04F79EFBC}") = "Form1.iOS", "Form1\Form1.iOS\Form1.iOS.csproj", "{2E3B3EA6-75AC-491A-84DC-DFDB4D99BEE2}"
EndProject
Project("{FAE04EC0-301F-11D3-BF4B-00C04F79EFBC}") = "Form1.WinPhone", "Form1\Form1.WinPhone\Form1.WinPhone.csproj", "{5130CCBD-457C-4D19-9880-B46776F3123F}"
EndProject
Project("{FAE04EC0-301F-11D3-BF4B-00C04F79EFBC}") = "Form1.UWP", "Form1\Form1.UWP\Form1.UWP.csproj", "{86AABD20-5744-404C-A94A-FFC4A46EFE8E}"
EndProject
Project("{FAE04EC0-301F-11D3-BF4B-00C04F79EFBC}") = "Form1.Windows", "Form1\Form1.Windows\Form1.Windows.csproj", "{37FDC7CD-AEBE-4740-9D2E-81DD6EC18AE9}"
EndProject
Project("{FAE04EC0-301F-11D3-BF4B-00C04F79EFBC}") = "Form1", "Form1\Form1\Form1.csproj", "{2A879C73-8FE5-4EDA-AD7B-162319BD1D3F}"
EndProject
Global
	GlobalSection(SolutionConfigurationPlatforms) = preSolution
		Ad-Hoc|Any CPU = Ad-Hoc|Any CPU
		Ad-Hoc|ARM = Ad-Hoc|ARM
		Ad-Hoc|iPhone = Ad-Hoc|iPhone
		Ad-Hoc|iPhoneSimulator = Ad-Hoc|iPhoneSimulator
		Ad-Hoc|x64 = Ad-Hoc|x64
		Ad-Hoc|x86 = Ad-Hoc|x86
		AppStore|Any CPU = AppStore|Any CPU
		AppStore|ARM = AppStore|ARM
		AppStore|iPhone = AppStore|iPhone
		AppStore|iPhoneSimulator = AppStore|iPhoneSimulator
		AppStore|x64 = AppStore|x64
		AppStore|x86 = AppStore|x86
		Debug|Any CPU = Debug|Any CPU
		Debug|ARM = Debug|ARM
		Debug|iPhone = Debug|iPhone
		Debug|iPhoneSimulator = Debug|iPhoneSimulator
		Debug|x64 = Debug|x64
		Debug|x86 = Debug|x86
		Release|Any CPU = Release|Any CPU
		Release|ARM = Release|ARM
		Release|iPhone = Release|iPhone
		Release|iPhoneSimulator = Release|iPhoneSimulator
		Release|x64 = Release|x64
		Release|x86 = Release|x86
	EndGlobalSection
	GlobalSection(ProjectConfigurationPlatforms) = postSolution
		{69CA50D3-F6BF-4B37-97E5-71CE35023D0B}.Ad-Hoc|Any CPU.ActiveCfg = Release|Any CPU
		{69CA50D3-F6BF-4B37-97E5-71CE35023D0B}.Ad-Hoc|Any CPU.Build.0 = Release|Any CPU
		{69CA50D3-F6BF-4B37-97E5-71CE35023D0B}.Ad-Hoc|Any CPU.Deploy.0 = Release|Any CPU
		{69CA50D3-F6BF-4B37-97E5-71CE35023D0B}.Ad-Hoc|ARM.ActiveCfg = Release|Any CPU
		{69CA50D3-F6BF-4B37-97E5-71CE35023D0B}.Ad-Hoc|ARM.Build.0 = Release|Any CPU
		{69CA50D3-F6BF-4B37-97E5-71CE35023D0B}.Ad-Hoc|ARM.Deploy.0 = Release|Any CPU
		{69CA50D3-F6BF-4B37-97E5-71CE35023D0B}.Ad-Hoc|iPhone.ActiveCfg = Release|Any CPU
		{69CA50D3-F6BF-4B37-97E5-71CE35023D0B}.Ad-Hoc|iPhone.Build.0 = Release|Any CPU
		{69CA50D3-F6BF-4B37-97E5-71CE35023D0B}.Ad-Hoc|iPhone.Deploy.0 = Release|Any CPU
		{69CA50D3-F6BF-4B37-97E5-71CE35023D0B}.Ad-Hoc|iPhoneSimulator.ActiveCfg = Release|Any CPU
		{69CA50D3-F6BF-4B37-97E5-71CE35023D0B}.Ad-Hoc|iPhoneSimulator.Build.0 = Release|Any CPU
		{69CA50D3-F6BF-4B37-97E5-71CE35023D0B}.Ad-Hoc|iPhoneSimulator.Deploy.0 = Release|Any CPU
		{69CA50D3-F6BF-4B37-97E5-71CE35023D0B}.Ad-Hoc|x64.ActiveCfg = Release|Any CPU
		{69CA50D3-F6BF-4B37-97E5-71CE35023D0B}.Ad-Hoc|x64.Build.0 = Release|Any CPU
		{69CA50D3-F6BF-4B37-97E5-71CE35023D0B}.Ad-Hoc|x64.Deploy.0 = Release|Any CPU
		{69CA50D3-F6BF-4B37-97E5-71CE35023D0B}.Ad-Hoc|x86.ActiveCfg = Release|Any CPU
		{69CA50D3-F6BF-4B37-97E5-71CE35023D0B}.Ad-Hoc|x86.Build.0 = Release|Any CPU
		{69CA50D3-F6BF-4B37-97E5-71CE35023D0B}.Ad-Hoc|x86.Deploy.0 = Release|Any CPU
		{69CA50D3-F6BF-4B37-97E5-71CE35023D0B}.AppStore|Any CPU.ActiveCfg = Release|Any CPU
		{69CA50D3-F6BF-4B37-97E5-71CE35023D0B}.AppStore|Any CPU.Build.0 = Release|Any CPU
		{69CA50D3-F6BF-4B37-97E5-71CE35023D0B}.AppStore|Any CPU.Deploy.0 = Release|Any CPU
		{69CA50D3-F6BF-4B37-97E5-71CE35023D0B}.AppStore|ARM.ActiveCfg = Release|Any CPU
		{69CA50D3-F6BF-4B37-97E5-71CE35023D0B}.AppStore|ARM.Build.0 = Release|Any CPU
		{69CA50D3-F6BF-4B37-97E5-71CE35023D0B}.AppStore|ARM.Deploy.0 = Release|Any CPU
		{69CA50D3-F6BF-4B37-97E5-71CE35023D0B}.AppStore|iPhone.ActiveCfg = Release|Any CPU
		{69CA50D3-F6BF-4B37-97E5-71CE35023D0B}.AppStore|iPhone.Build.0 = Release|Any CPU
		{69CA50D3-F6BF-4B37-97E5-71CE35023D0B}.AppStore|iPhone.Deploy.0 = Release|Any CPU
		{69CA50D3-F6BF-4B37-97E5-71CE35023D0B}.AppStore|iPhoneSimulator.ActiveCfg = Release|Any CPU
		{69CA50D3-F6BF-4B37-97E5-71CE35023D0B}.AppStore|iPhoneSimulator.Build.0 = Release|Any CPU
		{69CA50D3-F6BF-4B37-97E5-71CE35023D0B}.AppStore|iPhoneSimulator.Deploy.0 = Release|Any CPU
		{69CA50D3-F6BF-4B37-97E5-71CE35023D0B}.AppStore|x64.ActiveCfg = Release|Any CPU
		{69CA50D3-F6BF-4B37-97E5-71CE35023D0B}.AppStore|x64.Build.0 = Release|Any CPU
		{69CA50D3-F6BF-4B37-97E5-71CE35023D0B}.AppStore|x64.Deploy.0 = Release|Any CPU
		{69CA50D3-F6BF-4B37-97E5-71CE35023D0B}.AppStore|x86.ActiveCfg = Release|Any CPU
		{69CA50D3-F6BF-4B37-97E5-71CE35023D0B}.AppStore|x86.Build.0 = Release|Any CPU
		{69CA50D3-F6BF-4B37-97E5-71CE35023D0B}.AppStore|x86.Deploy.0 = Release|Any CPU
		{69CA50D3-F6BF-4B37-97E5-71CE35023D0B}.Debug|Any CPU.ActiveCfg = Debug|Any CPU
		{69CA50D3-F6BF-4B37-97E5-71CE35023D0B}.Debug|Any CPU.Build.0 = Debug|Any CPU
		{69CA50D3-F6BF-4B37-97E5-71CE35023D0B}.Debug|Any CPU.Deploy.0 = Debug|Any CPU
		{69CA50D3-F6BF-4B37-97E5-71CE35023D0B}.Debug|ARM.ActiveCfg = Debug|Any CPU
		{69CA50D3-F6BF-4B37-97E5-71CE35023D0B}.Debug|ARM.Build.0 = Debug|Any CPU
		{69CA50D3-F6BF-4B37-97E5-71CE35023D0B}.Debug|ARM.Deploy.0 = Debug|Any CPU
		{69CA50D3-F6BF-4B37-97E5-71CE35023D0B}.Debug|iPhone.ActiveCfg = Debug|Any CPU
		{69CA50D3-F6BF-4B37-97E5-71CE35023D0B}.Debug|iPhone.Build.0 = Debug|Any CPU
		{69CA50D3-F6BF-4B37-97E5-71CE35023D0B}.Debug|iPhone.Deploy.0 = Debug|Any CPU
		{69CA50D3-F6BF-4B37-97E5-71CE35023D0B}.Debug|iPhoneSimulator.ActiveCfg = Debug|Any CPU
		{69CA50D3-F6BF-4B37-97E5-71CE35023D0B}.Debug|iPhoneSimulator.Build.0 = Debug|Any CPU
		{69CA50D3-F6BF-4B37-97E5-71CE35023D0B}.Debug|iPhoneSimulator.Deploy.0 = Debug|Any CPU
		{69CA50D3-F6BF-4B37-97E5-71CE35023D0B}.Debug|x64.ActiveCfg = Debug|Any CPU
		{69CA50D3-F6BF-4B37-97E5-71CE35023D0B}.Debug|x64.Build.0 = Debug|Any CPU
		{69CA50D3-F6BF-4B37-97E5-71CE35023D0B}.Debug|x64.Deploy.0 = Debug|Any CPU
		{69CA50D3-F6BF-4B37-97E5-71CE35023D0B}.Debug|x86.ActiveCfg = Debug|Any CPU
		{69CA50D3-F6BF-4B37-97E5-71CE35023D0B}.Debug|x86.Build.0 = Debug|Any CPU
		{69CA50D3-F6BF-4B37-97E5-71CE35023D0B}.Debug|x86.Deploy.0 = Debug|Any CPU
		{69CA50D3-F6BF-4B37-97E5-71CE35023D0B}.Release|Any CPU.ActiveCfg = Release|Any CPU
		{69CA50D3-F6BF-4B37-97E5-71CE35023D0B}.Release|Any CPU.Build.0 = Release|Any CPU
		{69CA50D3-F6BF-4B37-97E5-71CE35023D0B}.Release|Any CPU.Deploy.0 = Release|Any CPU
		{69CA50D3-F6BF-4B37-97E5-71CE35023D0B}.Release|ARM.ActiveCfg = Release|Any CPU
		{69CA50D3-F6BF-4B37-97E5-71CE35023D0B}.Release|ARM.Build.0 = Release|Any CPU
		{69CA50D3-F6BF-4B37-97E5-71CE35023D0B}.Release|ARM.Deploy.0 = Release|Any CPU
		{69CA50D3-F6BF-4B37-97E5-71CE35023D0B}.Release|iPhone.ActiveCfg = Release|Any CPU
		{69CA50D3-F6BF-4B37-97E5-71CE35023D0B}.Release|iPhone.Build.0 = Release|Any CPU
		{69CA50D3-F6BF-4B37-97E5-71CE35023D0B}.Release|iPhone.Deploy.0 = Release|Any CPU
		{69CA50D3-F6BF-4B37-97E5-71CE35023D0B}.Release|iPhoneSimulator.ActiveCfg = Release|Any CPU
		{69CA50D3-F6BF-4B37-97E5-71CE35023D0B}.Release|iPhoneSimulator.Build.0 = Release|Any CPU
		{69CA50D3-F6BF-4B37-97E5-71CE35023D0B}.Release|iPhoneSimulator.Deploy.0 = Release|Any CPU
		{69CA50D3-F6BF-4B37-97E5-71CE35023D0B}.Release|x64.ActiveCfg = Release|Any CPU
		{69CA50D3-F6BF-4B37-97E5-71CE35023D0B}.Release|x64.Build.0 = Release|Any CPU
		{69CA50D3-F6BF-4B37-97E5-71CE35023D0B}.Release|x64.Deploy.0 = Release|Any CPU
		{69CA50D3-F6BF-4B37-97E5-71CE35023D0B}.Release|x86.ActiveCfg = Release|Any CPU
		{69CA50D3-F6BF-4B37-97E5-71CE35023D0B}.Release|x86.Build.0 = Release|Any CPU
		{69CA50D3-F6BF-4B37-97E5-71CE35023D0B}.Release|x86.Deploy.0 = Release|Any CPU
		{2E3B3EA6-75AC-491A-84DC-DFDB4D99BEE2}.Ad-Hoc|Any CPU.ActiveCfg = Ad-Hoc|iPhone
		{2E3B3EA6-75AC-491A-84DC-DFDB4D99BEE2}.Ad-Hoc|ARM.ActiveCfg = Ad-Hoc|iPhone
		{2E3B3EA6-75AC-491A-84DC-DFDB4D99BEE2}.Ad-Hoc|iPhone.ActiveCfg = Ad-Hoc|iPhone
		{2E3B3EA6-75AC-491A-84DC-DFDB4D99BEE2}.Ad-Hoc|iPhone.Build.0 = Ad-Hoc|iPhone
		{2E3B3EA6-75AC-491A-84DC-DFDB4D99BEE2}.Ad-Hoc|iPhoneSimulator.ActiveCfg = Ad-Hoc|iPhoneSimulator
		{2E3B3EA6-75AC-491A-84DC-DFDB4D99BEE2}.Ad-Hoc|iPhoneSimulator.Build.0 = Ad-Hoc|iPhoneSimulator
		{2E3B3EA6-75AC-491A-84DC-DFDB4D99BEE2}.Ad-Hoc|x64.ActiveCfg = Ad-Hoc|iPhone
		{2E3B3EA6-75AC-491A-84DC-DFDB4D99BEE2}.Ad-Hoc|x86.ActiveCfg = Ad-Hoc|iPhone
		{2E3B3EA6-75AC-491A-84DC-DFDB4D99BEE2}.AppStore|Any CPU.ActiveCfg = AppStore|iPhone
		{2E3B3EA6-75AC-491A-84DC-DFDB4D99BEE2}.AppStore|ARM.ActiveCfg = AppStore|iPhone
		{2E3B3EA6-75AC-491A-84DC-DFDB4D99BEE2}.AppStore|iPhone.ActiveCfg = AppStore|iPhone
		{2E3B3EA6-75AC-491A-84DC-DFDB4D99BEE2}.AppStore|iPhone.Build.0 = AppStore|iPhone
		{2E3B3EA6-75AC-491A-84DC-DFDB4D99BEE2}.AppStore|iPhoneSimulator.ActiveCfg = AppStore|iPhoneSimulator
		{2E3B3EA6-75AC-491A-84DC-DFDB4D99BEE2}.AppStore|iPhoneSimulator.Build.0 = AppStore|iPhoneSimulator
		{2E3B3EA6-75AC-491A-84DC-DFDB4D99BEE2}.AppStore|x64.ActiveCfg = AppStore|iPhone
		{2E3B3EA6-75AC-491A-84DC-DFDB4D99BEE2}.AppStore|x86.ActiveCfg = AppStore|iPhone
		{2E3B3EA6-75AC-491A-84DC-DFDB4D99BEE2}.Debug|Any CPU.ActiveCfg = Debug|iPhone
		{2E3B3EA6-75AC-491A-84DC-DFDB4D99BEE2}.Debug|ARM.ActiveCfg = Debug|iPhone
		{2E3B3EA6-75AC-491A-84DC-DFDB4D99BEE2}.Debug|iPhone.ActiveCfg = Debug|iPhone
		{2E3B3EA6-75AC-491A-84DC-DFDB4D99BEE2}.Debug|iPhone.Build.0 = Debug|iPhone
		{2E3B3EA6-75AC-491A-84DC-DFDB4D99BEE2}.Debug|iPhoneSimulator.ActiveCfg = Debug|iPhoneSimulator
		{2E3B3EA6-75AC-491A-84DC-DFDB4D99BEE2}.Debug|iPhoneSimulator.Build.0 = Debug|iPhoneSimulator
		{2E3B3EA6-75AC-491A-84DC-DFDB4D99BEE2}.Debug|x64.ActiveCfg = Debug|iPhone
		{2E3B3EA6-75AC-491A-84DC-DFDB4D99BEE2}.Debug|x86.ActiveCfg = Debug|iPhone
		{2E3B3EA6-75AC-491A-84DC-DFDB4D99BEE2}.Release|Any CPU.ActiveCfg = Release|iPhone
		{2E3B3EA6-75AC-491A-84DC-DFDB4D99BEE2}.Release|ARM.ActiveCfg = Release|iPhone
		{2E3B3EA6-75AC-491A-84DC-DFDB4D99BEE2}.Release|iPhone.ActiveCfg = Release|iPhone
		{2E3B3EA6-75AC-491A-84DC-DFDB4D99BEE2}.Release|iPhone.Build.0 = Release|iPhone
		{2E3B3EA6-75AC-491A-84DC-DFDB4D99BEE2}.Release|iPhoneSimulator.ActiveCfg = Release|iPhoneSimulator
		{2E3B3EA6-75AC-491A-84DC-DFDB4D99BEE2}.Release|iPhoneSimulator.Build.0 = Release|iPhoneSimulator
		{2E3B3EA6-75AC-491A-84DC-DFDB4D99BEE2}.Release|x64.ActiveCfg = Release|iPhone
		{2E3B3EA6-75AC-491A-84DC-DFDB4D99BEE2}.Release|x86.ActiveCfg = Release|iPhone
		{5130CCBD-457C-4D19-9880-B46776F3123F}.Ad-Hoc|Any CPU.ActiveCfg = Release|Any CPU
		{5130CCBD-457C-4D19-9880-B46776F3123F}.Ad-Hoc|Any CPU.Build.0 = Release|Any CPU
		{5130CCBD-457C-4D19-9880-B46776F3123F}.Ad-Hoc|Any CPU.Deploy.0 = Release|Any CPU
		{5130CCBD-457C-4D19-9880-B46776F3123F}.Ad-Hoc|ARM.ActiveCfg = Release|ARM
		{5130CCBD-457C-4D19-9880-B46776F3123F}.Ad-Hoc|ARM.Build.0 = Release|ARM
		{5130CCBD-457C-4D19-9880-B46776F3123F}.Ad-Hoc|ARM.Deploy.0 = Release|ARM
		{5130CCBD-457C-4D19-9880-B46776F3123F}.Ad-Hoc|iPhone.ActiveCfg = Release|Any CPU
		{5130CCBD-457C-4D19-9880-B46776F3123F}.Ad-Hoc|iPhone.Build.0 = Release|Any CPU
		{5130CCBD-457C-4D19-9880-B46776F3123F}.Ad-Hoc|iPhone.Deploy.0 = Release|Any CPU
		{5130CCBD-457C-4D19-9880-B46776F3123F}.Ad-Hoc|iPhoneSimulator.ActiveCfg = Release|Any CPU
		{5130CCBD-457C-4D19-9880-B46776F3123F}.Ad-Hoc|iPhoneSimulator.Build.0 = Release|Any CPU
		{5130CCBD-457C-4D19-9880-B46776F3123F}.Ad-Hoc|iPhoneSimulator.Deploy.0 = Release|Any CPU
		{5130CCBD-457C-4D19-9880-B46776F3123F}.Ad-Hoc|x64.ActiveCfg = Release|Any CPU
		{5130CCBD-457C-4D19-9880-B46776F3123F}.Ad-Hoc|x64.Build.0 = Release|Any CPU
		{5130CCBD-457C-4D19-9880-B46776F3123F}.Ad-Hoc|x64.Deploy.0 = Release|Any CPU
		{5130CCBD-457C-4D19-9880-B46776F3123F}.Ad-Hoc|x86.ActiveCfg = Release|x86
		{5130CCBD-457C-4D19-9880-B46776F3123F}.Ad-Hoc|x86.Build.0 = Release|x86
		{5130CCBD-457C-4D19-9880-B46776F3123F}.Ad-Hoc|x86.Deploy.0 = Release|x86
		{5130CCBD-457C-4D19-9880-B46776F3123F}.AppStore|Any CPU.ActiveCfg = Release|Any CPU
		{5130CCBD-457C-4D19-9880-B46776F3123F}.AppStore|Any CPU.Build.0 = Release|Any CPU
		{5130CCBD-457C-4D19-9880-B46776F3123F}.AppStore|Any CPU.Deploy.0 = Release|Any CPU
		{5130CCBD-457C-4D19-9880-B46776F3123F}.AppStore|ARM.ActiveCfg = Release|ARM
		{5130CCBD-457C-4D19-9880-B46776F3123F}.AppStore|ARM.Build.0 = Release|ARM
		{5130CCBD-457C-4D19-9880-B46776F3123F}.AppStore|ARM.Deploy.0 = Release|ARM
		{5130CCBD-457C-4D19-9880-B46776F3123F}.AppStore|iPhone.ActiveCfg = Release|Any CPU
		{5130CCBD-457C-4D19-9880-B46776F3123F}.AppStore|iPhone.Build.0 = Release|Any CPU
		{5130CCBD-457C-4D19-9880-B46776F3123F}.AppStore|iPhone.Deploy.0 = Release|Any CPU
		{5130CCBD-457C-4D19-9880-B46776F3123F}.AppStore|iPhoneSimulator.ActiveCfg = Release|Any CPU
		{5130CCBD-457C-4D19-9880-B46776F3123F}.AppStore|iPhoneSimulator.Build.0 = Release|Any CPU
		{5130CCBD-457C-4D19-9880-B46776F3123F}.AppStore|iPhoneSimulator.Deploy.0 = Release|Any CPU
		{5130CCBD-457C-4D19-9880-B46776F3123F}.AppStore|x64.ActiveCfg = Release|Any CPU
		{5130CCBD-457C-4D19-9880-B46776F3123F}.AppStore|x64.Build.0 = Release|Any CPU
		{5130CCBD-457C-4D19-9880-B46776F3123F}.AppStore|x64.Deploy.0 = Release|Any CPU
		{5130CCBD-457C-4D19-9880-B46776F3123F}.AppStore|x86.ActiveCfg = Release|x86
		{5130CCBD-457C-4D19-9880-B46776F3123F}.AppStore|x86.Build.0 = Release|x86
		{5130CCBD-457C-4D19-9880-B46776F3123F}.AppStore|x86.Deploy.0 = Release|x86
		{5130CCBD-457C-4D19-9880-B46776F3123F}.Debug|Any CPU.ActiveCfg = Debug|Any CPU
		{5130CCBD-457C-4D19-9880-B46776F3123F}.Debug|Any CPU.Build.0 = Debug|Any CPU
		{5130CCBD-457C-4D19-9880-B46776F3123F}.Debug|Any CPU.Deploy.0 = Debug|Any CPU
		{5130CCBD-457C-4D19-9880-B46776F3123F}.Debug|ARM.ActiveCfg = Debug|ARM
		{5130CCBD-457C-4D19-9880-B46776F3123F}.Debug|ARM.Build.0 = Debug|ARM
		{5130CCBD-457C-4D19-9880-B46776F3123F}.Debug|ARM.Deploy.0 = Debug|ARM
		{5130CCBD-457C-4D19-9880-B46776F3123F}.Debug|iPhone.ActiveCfg = Debug|Any CPU
		{5130CCBD-457C-4D19-9880-B46776F3123F}.Debug|iPhone.Build.0 = Debug|Any CPU
		{5130CCBD-457C-4D19-9880-B46776F3123F}.Debug|iPhone.Deploy.0 = Debug|Any CPU
		{5130CCBD-457C-4D19-9880-B46776F3123F}.Debug|iPhoneSimulator.ActiveCfg = Debug|Any CPU
		{5130CCBD-457C-4D19-9880-B46776F3123F}.Debug|iPhoneSimulator.Build.0 = Debug|Any CPU
		{5130CCBD-457C-4D19-9880-B46776F3123F}.Debug|iPhoneSimulator.Deploy.0 = Debug|Any CPU
		{5130CCBD-457C-4D19-9880-B46776F3123F}.Debug|x64.ActiveCfg = Debug|Any CPU
		{5130CCBD-457C-4D19-9880-B46776F3123F}.Debug|x64.Build.0 = Debug|Any CPU
		{5130CCBD-457C-4D19-9880-B46776F3123F}.Debug|x64.Deploy.0 = Debug|Any CPU
		{5130CCBD-457C-4D19-9880-B46776F3123F}.Debug|x86.ActiveCfg = Debug|x86
		{5130CCBD-457C-4D19-9880-B46776F3123F}.Debug|x86.Build.0 = Debug|x86
		{5130CCBD-457C-4D19-9880-B46776F3123F}.Debug|x86.Deploy.0 = Debug|x86
		{5130CCBD-457C-4D19-9880-B46776F3123F}.Release|Any CPU.ActiveCfg = Release|Any CPU
		{5130CCBD-457C-4D19-9880-B46776F3123F}.Release|Any CPU.Build.0 = Release|Any CPU
		{5130CCBD-457C-4D19-9880-B46776F3123F}.Release|Any CPU.Deploy.0 = Release|Any CPU
		{5130CCBD-457C-4D19-9880-B46776F3123F}.Release|ARM.ActiveCfg = Release|ARM
		{5130CCBD-457C-4D19-9880-B46776F3123F}.Release|ARM.Build.0 = Release|ARM
		{5130CCBD-457C-4D19-9880-B46776F3123F}.Release|ARM.Deploy.0 = Release|ARM
		{5130CCBD-457C-4D19-9880-B46776F3123F}.Release|iPhone.ActiveCfg = Release|Any CPU
		{5130CCBD-457C-4D19-9880-B46776F3123F}.Release|iPhone.Build.0 = Release|Any CPU
		{5130CCBD-457C-4D19-9880-B46776F3123F}.Release|iPhone.Deploy.0 = Release|Any CPU
		{5130CCBD-457C-4D19-9880-B46776F3123F}.Release|iPhoneSimulator.ActiveCfg = Release|Any CPU
		{5130CCBD-457C-4D19-9880-B46776F3123F}.Release|iPhoneSimulator.Build.0 = Release|Any CPU
		{5130CCBD-457C-4D19-9880-B46776F3123F}.Release|iPhoneSimulator.Deploy.0 = Release|Any CPU
		{5130CCBD-457C-4D19-9880-B46776F3123F}.Release|x64.ActiveCfg = Release|Any CPU
		{5130CCBD-457C-4D19-9880-B46776F3123F}.Release|x64.Build.0 = Release|Any CPU
		{5130CCBD-457C-4D19-9880-B46776F3123F}.Release|x64.Deploy.0 = Release|Any CPU
		{5130CCBD-457C-4D19-9880-B46776F3123F}.Release|x86.ActiveCfg = Release|x86
		{5130CCBD-457C-4D19-9880-B46776F3123F}.Release|x86.Build.0 = Release|x86
		{5130CCBD-457C-4D19-9880-B46776F3123F}.Release|x86.Deploy.0 = Release|x86
		{86AABD20-5744-404C-A94A-FFC4A46EFE8E}.Ad-Hoc|Any CPU.ActiveCfg = Release|x86
		{86AABD20-5744-404C-A94A-FFC4A46EFE8E}.Ad-Hoc|Any CPU.Build.0 = Release|x86
		{86AABD20-5744-404C-A94A-FFC4A46EFE8E}.Ad-Hoc|Any CPU.Deploy.0 = Release|x86
		{86AABD20-5744-404C-A94A-FFC4A46EFE8E}.Ad-Hoc|ARM.ActiveCfg = Release|ARM
		{86AABD20-5744-404C-A94A-FFC4A46EFE8E}.Ad-Hoc|ARM.Build.0 = Release|ARM
		{86AABD20-5744-404C-A94A-FFC4A46EFE8E}.Ad-Hoc|ARM.Deploy.0 = Release|ARM
		{86AABD20-5744-404C-A94A-FFC4A46EFE8E}.Ad-Hoc|iPhone.ActiveCfg = Release|x86
		{86AABD20-5744-404C-A94A-FFC4A46EFE8E}.Ad-Hoc|iPhone.Build.0 = Release|x86
		{86AABD20-5744-404C-A94A-FFC4A46EFE8E}.Ad-Hoc|iPhone.Deploy.0 = Release|x86
		{86AABD20-5744-404C-A94A-FFC4A46EFE8E}.Ad-Hoc|iPhoneSimulator.ActiveCfg = Release|x86
		{86AABD20-5744-404C-A94A-FFC4A46EFE8E}.Ad-Hoc|iPhoneSimulator.Build.0 = Release|x86
		{86AABD20-5744-404C-A94A-FFC4A46EFE8E}.Ad-Hoc|iPhoneSimulator.Deploy.0 = Release|x86
		{86AABD20-5744-404C-A94A-FFC4A46EFE8E}.Ad-Hoc|x64.ActiveCfg = Release|x64
		{86AABD20-5744-404C-A94A-FFC4A46EFE8E}.Ad-Hoc|x64.Build.0 = Release|x64
		{86AABD20-5744-404C-A94A-FFC4A46EFE8E}.Ad-Hoc|x64.Deploy.0 = Release|x64
		{86AABD20-5744-404C-A94A-FFC4A46EFE8E}.Ad-Hoc|x86.ActiveCfg = Release|x86
		{86AABD20-5744-404C-A94A-FFC4A46EFE8E}.Ad-Hoc|x86.Build.0 = Release|x86
		{86AABD20-5744-404C-A94A-FFC4A46EFE8E}.Ad-Hoc|x86.Deploy.0 = Release|x86
		{86AABD20-5744-404C-A94A-FFC4A46EFE8E}.AppStore|Any CPU.ActiveCfg = Release|x86
		{86AABD20-5744-404C-A94A-FFC4A46EFE8E}.AppStore|Any CPU.Build.0 = Release|x86
		{86AABD20-5744-404C-A94A-FFC4A46EFE8E}.AppStore|Any CPU.Deploy.0 = Release|x86
		{86AABD20-5744-404C-A94A-FFC4A46EFE8E}.AppStore|ARM.ActiveCfg = Release|ARM
		{86AABD20-5744-404C-A94A-FFC4A46EFE8E}.AppStore|ARM.Build.0 = Release|ARM
		{86AABD20-5744-404C-A94A-FFC4A46EFE8E}.AppStore|ARM.Deploy.0 = Release|ARM
		{86AABD20-5744-404C-A94A-FFC4A46EFE8E}.AppStore|iPhone.ActiveCfg = Release|x86
		{86AABD20-5744-404C-A94A-FFC4A46EFE8E}.AppStore|iPhone.Build.0 = Release|x86
		{86AABD20-5744-404C-A94A-FFC4A46EFE8E}.AppStore|iPhone.Deploy.0 = Release|x86
		{86AABD20-5744-404C-A94A-FFC4A46EFE8E}.AppStore|iPhoneSimulator.ActiveCfg = Release|x86
		{86AABD20-5744-404C-A94A-FFC4A46EFE8E}.AppStore|iPhoneSimulator.Build.0 = Release|x86
		{86AABD20-5744-404C-A94A-FFC4A46EFE8E}.AppStore|iPhoneSimulator.Deploy.0 = Release|x86
		{86AABD20-5744-404C-A94A-FFC4A46EFE8E}.AppStore|x64.ActiveCfg = Release|x64
		{86AABD20-5744-404C-A94A-FFC4A46EFE8E}.AppStore|x64.Build.0 = Release|x64
		{86AABD20-5744-404C-A94A-FFC4A46EFE8E}.AppStore|x64.Deploy.0 = Release|x64
		{86AABD20-5744-404C-A94A-FFC4A46EFE8E}.AppStore|x86.ActiveCfg = Release|x86
		{86AABD20-5744-404C-A94A-FFC4A46EFE8E}.AppStore|x86.Build.0 = Release|x86
		{86AABD20-5744-404C-A94A-FFC4A46EFE8E}.AppStore|x86.Deploy.0 = Release|x86
		{86AABD20-5744-404C-A94A-FFC4A46EFE8E}.Debug|Any CPU.ActiveCfg = Debug|x86
		{86AABD20-5744-404C-A94A-FFC4A46EFE8E}.Debug|ARM.ActiveCfg = Debug|ARM
		{86AABD20-5744-404C-A94A-FFC4A46EFE8E}.Debug|ARM.Build.0 = Debug|ARM
		{86AABD20-5744-404C-A94A-FFC4A46EFE8E}.Debug|ARM.Deploy.0 = Debug|ARM
		{86AABD20-5744-404C-A94A-FFC4A46EFE8E}.Debug|iPhone.ActiveCfg = Debug|x86
		{86AABD20-5744-404C-A94A-FFC4A46EFE8E}.Debug|iPhoneSimulator.ActiveCfg = Debug|x86
		{86AABD20-5744-404C-A94A-FFC4A46EFE8E}.Debug|x64.ActiveCfg = Debug|x64
		{86AABD20-5744-404C-A94A-FFC4A46EFE8E}.Debug|x64.Build.0 = Debug|x64
		{86AABD20-5744-404C-A94A-FFC4A46EFE8E}.Debug|x64.Deploy.0 = Debug|x64
		{86AABD20-5744-404C-A94A-FFC4A46EFE8E}.Debug|x86.ActiveCfg = Debug|x86
		{86AABD20-5744-404C-A94A-FFC4A46EFE8E}.Debug|x86.Build.0 = Debug|x86
		{86AABD20-5744-404C-A94A-FFC4A46EFE8E}.Debug|x86.Deploy.0 = Debug|x86
		{86AABD20-5744-404C-A94A-FFC4A46EFE8E}.Release|Any CPU.ActiveCfg = Release|x86
		{86AABD20-5744-404C-A94A-FFC4A46EFE8E}.Release|ARM.ActiveCfg = Release|ARM
		{86AABD20-5744-404C-A94A-FFC4A46EFE8E}.Release|ARM.Build.0 = Release|ARM
		{86AABD20-5744-404C-A94A-FFC4A46EFE8E}.Release|ARM.Deploy.0 = Release|ARM
		{86AABD20-5744-404C-A94A-FFC4A46EFE8E}.Release|iPhone.ActiveCfg = Release|x86
		{86AABD20-5744-404C-A94A-FFC4A46EFE8E}.Release|iPhoneSimulator.ActiveCfg = Release|x86
		{86AABD20-5744-404C-A94A-FFC4A46EFE8E}.Release|x64.ActiveCfg = Release|x64
		{86AABD20-5744-404C-A94A-FFC4A46EFE8E}.Release|x64.Build.0 = Release|x64
		{86AABD20-5744-404C-A94A-FFC4A46EFE8E}.Release|x64.Deploy.0 = Release|x64
		{86AABD20-5744-404C-A94A-FFC4A46EFE8E}.Release|x86.ActiveCfg = Release|x86
		{86AABD20-5744-404C-A94A-FFC4A46EFE8E}.Release|x86.Build.0 = Release|x86
		{86AABD20-5744-404C-A94A-FFC4A46EFE8E}.Release|x86.Deploy.0 = Release|x86
		{37FDC7CD-AEBE-4740-9D2E-81DD6EC18AE9}.Ad-Hoc|Any CPU.ActiveCfg = Release|Any CPU
		{37FDC7CD-AEBE-4740-9D2E-81DD6EC18AE9}.Ad-Hoc|Any CPU.Build.0 = Release|Any CPU
		{37FDC7CD-AEBE-4740-9D2E-81DD6EC18AE9}.Ad-Hoc|Any CPU.Deploy.0 = Release|Any CPU
		{37FDC7CD-AEBE-4740-9D2E-81DD6EC18AE9}.Ad-Hoc|ARM.ActiveCfg = Release|ARM
		{37FDC7CD-AEBE-4740-9D2E-81DD6EC18AE9}.Ad-Hoc|ARM.Build.0 = Release|ARM
		{37FDC7CD-AEBE-4740-9D2E-81DD6EC18AE9}.Ad-Hoc|ARM.Deploy.0 = Release|ARM
		{37FDC7CD-AEBE-4740-9D2E-81DD6EC18AE9}.Ad-Hoc|iPhone.ActiveCfg = Release|Any CPU
		{37FDC7CD-AEBE-4740-9D2E-81DD6EC18AE9}.Ad-Hoc|iPhone.Build.0 = Release|Any CPU
		{37FDC7CD-AEBE-4740-9D2E-81DD6EC18AE9}.Ad-Hoc|iPhone.Deploy.0 = Release|Any CPU
		{37FDC7CD-AEBE-4740-9D2E-81DD6EC18AE9}.Ad-Hoc|iPhoneSimulator.ActiveCfg = Release|Any CPU
		{37FDC7CD-AEBE-4740-9D2E-81DD6EC18AE9}.Ad-Hoc|iPhoneSimulator.Build.0 = Release|Any CPU
		{37FDC7CD-AEBE-4740-9D2E-81DD6EC18AE9}.Ad-Hoc|iPhoneSimulator.Deploy.0 = Release|Any CPU
		{37FDC7CD-AEBE-4740-9D2E-81DD6EC18AE9}.Ad-Hoc|x64.ActiveCfg = Release|x64
		{37FDC7CD-AEBE-4740-9D2E-81DD6EC18AE9}.Ad-Hoc|x64.Build.0 = Release|x64
		{37FDC7CD-AEBE-4740-9D2E-81DD6EC18AE9}.Ad-Hoc|x64.Deploy.0 = Release|x64
		{37FDC7CD-AEBE-4740-9D2E-81DD6EC18AE9}.Ad-Hoc|x86.ActiveCfg = Release|x86
		{37FDC7CD-AEBE-4740-9D2E-81DD6EC18AE9}.Ad-Hoc|x86.Build.0 = Release|x86
		{37FDC7CD-AEBE-4740-9D2E-81DD6EC18AE9}.Ad-Hoc|x86.Deploy.0 = Release|x86
		{37FDC7CD-AEBE-4740-9D2E-81DD6EC18AE9}.AppStore|Any CPU.ActiveCfg = Release|Any CPU
		{37FDC7CD-AEBE-4740-9D2E-81DD6EC18AE9}.AppStore|Any CPU.Build.0 = Release|Any CPU
		{37FDC7CD-AEBE-4740-9D2E-81DD6EC18AE9}.AppStore|Any CPU.Deploy.0 = Release|Any CPU
		{37FDC7CD-AEBE-4740-9D2E-81DD6EC18AE9}.AppStore|ARM.ActiveCfg = Release|ARM
		{37FDC7CD-AEBE-4740-9D2E-81DD6EC18AE9}.AppStore|ARM.Build.0 = Release|ARM
		{37FDC7CD-AEBE-4740-9D2E-81DD6EC18AE9}.AppStore|ARM.Deploy.0 = Release|ARM
		{37FDC7CD-AEBE-4740-9D2E-81DD6EC18AE9}.AppStore|iPhone.ActiveCfg = Release|Any CPU
		{37FDC7CD-AEBE-4740-9D2E-81DD6EC18AE9}.AppStore|iPhone.Build.0 = Release|Any CPU
		{37FDC7CD-AEBE-4740-9D2E-81DD6EC18AE9}.AppStore|iPhone.Deploy.0 = Release|Any CPU
		{37FDC7CD-AEBE-4740-9D2E-81DD6EC18AE9}.AppStore|iPhoneSimulator.ActiveCfg = Release|Any CPU
		{37FDC7CD-AEBE-4740-9D2E-81DD6EC18AE9}.AppStore|iPhoneSimulator.Build.0 = Release|Any CPU
		{37FDC7CD-AEBE-4740-9D2E-81DD6EC18AE9}.AppStore|iPhoneSimulator.Deploy.0 = Release|Any CPU
		{37FDC7CD-AEBE-4740-9D2E-81DD6EC18AE9}.AppStore|x64.ActiveCfg = Release|x64
		{37FDC7CD-AEBE-4740-9D2E-81DD6EC18AE9}.AppStore|x64.Build.0 = Release|x64
		{37FDC7CD-AEBE-4740-9D2E-81DD6EC18AE9}.AppStore|x64.Deploy.0 = Release|x64
		{37FDC7CD-AEBE-4740-9D2E-81DD6EC18AE9}.AppStore|x86.ActiveCfg = Release|x86
		{37FDC7CD-AEBE-4740-9D2E-81DD6EC18AE9}.AppStore|x86.Build.0 = Release|x86
		{37FDC7CD-AEBE-4740-9D2E-81DD6EC18AE9}.AppStore|x86.Deploy.0 = Release|x86
		{37FDC7CD-AEBE-4740-9D2E-81DD6EC18AE9}.Debug|Any CPU.ActiveCfg = Debug|Any CPU
		{37FDC7CD-AEBE-4740-9D2E-81DD6EC18AE9}.Debug|Any CPU.Build.0 = Debug|Any CPU
		{37FDC7CD-AEBE-4740-9D2E-81DD6EC18AE9}.Debug|Any CPU.Deploy.0 = Debug|Any CPU
		{37FDC7CD-AEBE-4740-9D2E-81DD6EC18AE9}.Debug|ARM.ActiveCfg = Debug|ARM
		{37FDC7CD-AEBE-4740-9D2E-81DD6EC18AE9}.Debug|ARM.Build.0 = Debug|ARM
		{37FDC7CD-AEBE-4740-9D2E-81DD6EC18AE9}.Debug|ARM.Deploy.0 = Debug|ARM
		{37FDC7CD-AEBE-4740-9D2E-81DD6EC18AE9}.Debug|iPhone.ActiveCfg = Debug|Any CPU
		{37FDC7CD-AEBE-4740-9D2E-81DD6EC18AE9}.Debug|iPhone.Build.0 = Debug|Any CPU
		{37FDC7CD-AEBE-4740-9D2E-81DD6EC18AE9}.Debug|iPhone.Deploy.0 = Debug|Any CPU
		{37FDC7CD-AEBE-4740-9D2E-81DD6EC18AE9}.Debug|iPhoneSimulator.ActiveCfg = Debug|Any CPU
		{37FDC7CD-AEBE-4740-9D2E-81DD6EC18AE9}.Debug|iPhoneSimulator.Build.0 = Debug|Any CPU
		{37FDC7CD-AEBE-4740-9D2E-81DD6EC18AE9}.Debug|iPhoneSimulator.Deploy.0 = Debug|Any CPU
		{37FDC7CD-AEBE-4740-9D2E-81DD6EC18AE9}.Debug|x64.ActiveCfg = Debug|x64
		{37FDC7CD-AEBE-4740-9D2E-81DD6EC18AE9}.Debug|x64.Build.0 = Debug|x64
		{37FDC7CD-AEBE-4740-9D2E-81DD6EC18AE9}.Debug|x64.Deploy.0 = Debug|x64
		{37FDC7CD-AEBE-4740-9D2E-81DD6EC18AE9}.Debug|x86.ActiveCfg = Debug|x86
		{37FDC7CD-AEBE-4740-9D2E-81DD6EC18AE9}.Debug|x86.Build.0 = Debug|x86
		{37FDC7CD-AEBE-4740-9D2E-81DD6EC18AE9}.Debug|x86.Deploy.0 = Debug|x86
		{37FDC7CD-AEBE-4740-9D2E-81DD6EC18AE9}.Release|Any CPU.ActiveCfg = Release|Any CPU
		{37FDC7CD-AEBE-4740-9D2E-81DD6EC18AE9}.Release|Any CPU.Build.0 = Release|Any CPU
		{37FDC7CD-AEBE-4740-9D2E-81DD6EC18AE9}.Release|Any CPU.Deploy.0 = Release|Any CPU
		{37FDC7CD-AEBE-4740-9D2E-81DD6EC18AE9}.Release|ARM.ActiveCfg = Release|ARM
		{37FDC7CD-AEBE-4740-9D2E-81DD6EC18AE9}.Release|ARM.Build.0 = Release|ARM
		{37FDC7CD-AEBE-4740-9D2E-81DD6EC18AE9}.Release|ARM.Deploy.0 = Release|ARM
		{37FDC7CD-AEBE-4740-9D2E-81DD6EC18AE9}.Release|iPhone.ActiveCfg = Release|Any CPU
		{37FDC7CD-AEBE-4740-9D2E-81DD6EC18AE9}.Release|iPhone.Build.0 = Release|Any CPU
		{37FDC7CD-AEBE-4740-9D2E-81DD6EC18AE9}.Release|iPhone.Deploy.0 = Release|Any CPU
		{37FDC7CD-AEBE-4740-9D2E-81DD6EC18AE9}.Release|iPhoneSimulator.ActiveCfg = Release|Any CPU
		{37FDC7CD-AEBE-4740-9D2E-81DD6EC18AE9}.Release|iPhoneSimulator.Build.0 = Release|Any CPU
		{37FDC7CD-AEBE-4740-9D2E-81DD6EC18AE9}.Release|iPhoneSimulator.Deploy.0 = Release|Any CPU
		{37FDC7CD-AEBE-4740-9D2E-81DD6EC18AE9}.Release|x64.ActiveCfg = Release|x64
		{37FDC7CD-AEBE-4740-9D2E-81DD6EC18AE9}.Release|x64.Build.0 = Release|x64
		{37FDC7CD-AEBE-4740-9D2E-81DD6EC18AE9}.Release|x64.Deploy.0 = Release|x64
		{37FDC7CD-AEBE-4740-9D2E-81DD6EC18AE9}.Release|x86.ActiveCfg = Release|x86
		{37FDC7CD-AEBE-4740-9D2E-81DD6EC18AE9}.Release|x86.Build.0 = Release|x86
		{37FDC7CD-AEBE-4740-9D2E-81DD6EC18AE9}.Release|x86.Deploy.0 = Release|x86
		{2A879C73-8FE5-4EDA-AD7B-162319BD1D3F}.Ad-Hoc|Any CPU.ActiveCfg = Release|Any CPU
		{2A879C73-8FE5-4EDA-AD7B-162319BD1D3F}.Ad-Hoc|Any CPU.Build.0 = Release|Any CPU
		{2A879C73-8FE5-4EDA-AD7B-162319BD1D3F}.Ad-Hoc|ARM.ActiveCfg = Release|Any CPU
		{2A879C73-8FE5-4EDA-AD7B-162319BD1D3F}.Ad-Hoc|ARM.Build.0 = Release|Any CPU
		{2A879C73-8FE5-4EDA-AD7B-162319BD1D3F}.Ad-Hoc|iPhone.ActiveCfg = Release|Any CPU
		{2A879C73-8FE5-4EDA-AD7B-162319BD1D3F}.Ad-Hoc|iPhone.Build.0 = Release|Any CPU
		{2A879C73-8FE5-4EDA-AD7B-162319BD1D3F}.Ad-Hoc|iPhoneSimulator.ActiveCfg = Release|Any CPU
		{2A879C73-8FE5-4EDA-AD7B-162319BD1D3F}.Ad-Hoc|iPhoneSimulator.Build.0 = Release|Any CPU
		{2A879C73-8FE5-4EDA-AD7B-162319BD1D3F}.Ad-Hoc|x64.ActiveCfg = Release|Any CPU
		{2A879C73-8FE5-4EDA-AD7B-162319BD1D3F}.Ad-Hoc|x64.Build.0 = Release|Any CPU
		{2A879C73-8FE5-4EDA-AD7B-162319BD1D3F}.Ad-Hoc|x86.ActiveCfg = Release|Any CPU
		{2A879C73-8FE5-4EDA-AD7B-162319BD1D3F}.Ad-Hoc|x86.Build.0 = Release|Any CPU
		{2A879C73-8FE5-4EDA-AD7B-162319BD1D3F}.AppStore|Any CPU.ActiveCfg = Release|Any CPU
		{2A879C73-8FE5-4EDA-AD7B-162319BD1D3F}.AppStore|Any CPU.Build.0 = Release|Any CPU
		{2A879C73-8FE5-4EDA-AD7B-162319BD1D3F}.AppStore|ARM.ActiveCfg = Release|Any CPU
		{2A879C73-8FE5-4EDA-AD7B-162319BD1D3F}.AppStore|ARM.Build.0 = Release|Any CPU
		{2A879C73-8FE5-4EDA-AD7B-162319BD1D3F}.AppStore|iPhone.ActiveCfg = Release|Any CPU
		{2A879C73-8FE5-4EDA-AD7B-162319BD1D3F}.AppStore|iPhone.Build.0 = Release|Any CPU
		{2A879C73-8FE5-4EDA-AD7B-162319BD1D3F}.AppStore|iPhoneSimulator.ActiveCfg = Release|Any CPU
		{2A879C73-8FE5-4EDA-AD7B-162319BD1D3F}.AppStore|iPhoneSimulator.Build.0 = Release|Any CPU
		{2A879C73-8FE5-4EDA-AD7B-162319BD1D3F}.AppStore|x64.ActiveCfg = Release|Any CPU
		{2A879C73-8FE5-4EDA-AD7B-162319BD1D3F}.AppStore|x64.Build.0 = Release|Any CPU
		{2A879C73-8FE5-4EDA-AD7B-162319BD1D3F}.AppStore|x86.ActiveCfg = Release|Any CPU
		{2A879C73-8FE5-4EDA-AD7B-162319BD1D3F}.AppStore|x86.Build.0 = Release|Any CPU
		{2A879C73-8FE5-4EDA-AD7B-162319BD1D3F}.Debug|Any CPU.ActiveCfg = Debug|Any CPU
		{2A879C73-8FE5-4EDA-AD7B-162319BD1D3F}.Debug|Any CPU.Build.0 = Debug|Any CPU
		{2A879C73-8FE5-4EDA-AD7B-162319BD1D3F}.Debug|ARM.ActiveCfg = Debug|Any CPU
		{2A879C73-8FE5-4EDA-AD7B-162319BD1D3F}.Debug|ARM.Build.0 = Debug|Any CPU
		{2A879C73-8FE5-4EDA-AD7B-162319BD1D3F}.Debug|iPhone.ActiveCfg = Debug|Any CPU
		{2A879C73-8FE5-4EDA-AD7B-162319BD1D3F}.Debug|iPhone.Build.0 = Debug|Any CPU
		{2A879C73-8FE5-4EDA-AD7B-162319BD1D3F}.Debug|iPhoneSimulator.ActiveCfg = Debug|Any CPU
		{2A879C73-8FE5-4EDA-AD7B-162319BD1D3F}.Debug|iPhoneSimulator.Build.0 = Debug|Any CPU
		{2A879C73-8FE5-4EDA-AD7B-162319BD1D3F}.Debug|x64.ActiveCfg = Debug|Any CPU
		{2A879C73-8FE5-4EDA-AD7B-162319BD1D3F}.Debug|x64.Build.0 = Debug|Any CPU
		{2A879C73-8FE5-4EDA-AD7B-162319BD1D3F}.Debug|x86.ActiveCfg = Debug|Any CPU
		{2A879C73-8FE5-4EDA-AD7B-162319BD1D3F}.Debug|x86.Build.0 = Debug|Any CPU
		{2A879C73-8FE5-4EDA-AD7B-162319BD1D3F}.Release|Any CPU.ActiveCfg = Release|Any CPU
		{2A879C73-8FE5-4EDA-AD7B-162319BD1D3F}.Release|Any CPU.Build.0 = Release|Any CPU
		{2A879C73-8FE5-4EDA-AD7B-162319BD1D3F}.Release|ARM.ActiveCfg = Release|Any CPU
		{2A879C73-8FE5-4EDA-AD7B-162319BD1D3F}.Release|ARM.Build.0 = Release|Any CPU
		{2A879C73-8FE5-4EDA-AD7B-162319BD1D3F}.Release|iPhone.ActiveCfg = Release|Any CPU
		{2A879C73-8FE5-4EDA-AD7B-162319BD1D3F}.Release|iPhone.Build.0 = Release|Any CPU
		{2A879C73-8FE5-4EDA-AD7B-162319BD1D3F}.Release|iPhoneSimulator.ActiveCfg = Release|Any CPU
		{2A879C73-8FE5-4EDA-AD7B-162319BD1D3F}.Release|iPhoneSimulator.Build.0 = Release|Any CPU
		{2A879C73-8FE5-4EDA-AD7B-162319BD1D3F}.Release|x64.ActiveCfg = Release|Any CPU
		{2A879C73-8FE5-4EDA-AD7B-162319BD1D3F}.Release|x64.Build.0 = Release|Any CPU
		{2A879C73-8FE5-4EDA-AD7B-162319BD1D3F}.Release|x86.ActiveCfg = Release|Any CPU
		{2A879C73-8FE5-4EDA-AD7B-162319BD1D3F}.Release|x86.Build.0 = Release|Any CPU
	EndGlobalSection
	GlobalSection(SolutionProperties) = preSolution
		HideSolutionNode = FALSE
	EndGlobalSection
EndGlobal
